
Microsoft Visual Studio Solution File, Format Version 12.00
# Visual Studio Version 17
VisualStudioVersion = 17.3.32825.248
MinimumVisualStudioVersion = 10.0.40219.1
Project("{FAE04EC0-301F-11D3-BF4B-00C04F79EFBC}") = "Maiboroda 3.3 Var 3", "Maiboroda 3.3 Var 3\Maiboroda 3.3 Var 3.csproj", "{662DDFC4-C662-4605-916B-689B9D8C59CE}"
EndProject
Global
	GlobalSection(SolutionConfigurationPlatforms) = preSolution
		Debug|Any CPU = Debug|Any CPU
		Release|Any CPU = Release|Any CPU
	EndGlobalSection
	GlobalSection(ProjectConfigurationPlatforms) = postSolution
		{662DDFC4-C662-4605-916B-689B9D8C59CE}.Debug|Any CPU.ActiveCfg = Debug|Any CPU
		{662DDFC4-C662-4605-916B-689B9D8C59CE}.Debug|Any CPU.Build.0 = Debug|Any CPU
		{662DDFC4-C662-4605-916B-689B9D8C59CE}.Release|Any CPU.ActiveCfg = Release|Any CPU
		{662DDFC4-C662-4605-916B-689B9D8C59CE}.Release|Any CPU.Build.0 = Release|Any CPU
	EndGlobalSection
	GlobalSection(SolutionProperties) = preSolution
		HideSolutionNode = FALSE
	EndGlobalSection
	GlobalSection(ExtensibilityGlobals) = postSolution
		SolutionGuid = {6E32BC90-E3AC-4AEC-953E-9677485BE809}
	EndGlobalSection
EndGlobal
